// !$*UTF8*$!
{
	archiveVersion = 1;
	classes = {
	};
	objectVersion = 51;
	objects = {

/* Begin PBXBuildFile section */
		52252C7D6DE895906F0C8CB2 /* Pods_IntroToRxSwift.framework in Frameworks */ = {isa = PBXBuildFile; fileRef = 81C22A845F40AC5ED7629835 /* Pods_IntroToRxSwift.framework */; };
		C5BAA1AB2741F3CC004B3186 /* AppDelegate.swift in Sources */ = {isa = PBXBuildFile; fileRef = C5BAA1AA2741F3CC004B3186 /* AppDelegate.swift */; };
		C5BAA1AD2741F3CC004B3186 /* SceneDelegate.swift in Sources */ = {isa = PBXBuildFile; fileRef = C5BAA1AC2741F3CC004B3186 /* SceneDelegate.swift */; };
		C5BAA1AF2741F3CC004B3186 /* ProductViewController.swift in Sources */ = {isa = PBXBuildFile; fileRef = C5BAA1AE2741F3CC004B3186 /* ProductViewController.swift */; };
		C5BAA1B22741F3CC004B3186 /* Main.storyboard in Resources */ = {isa = PBXBuildFile; fileRef = C5BAA1B02741F3CC004B3186 /* Main.storyboard */; };
		C5BAA1B42741F3CE004B3186 /* Assets.xcassets in Resources */ = {isa = PBXBuildFile; fileRef = C5BAA1B32741F3CE004B3186 /* Assets.xcassets */; };
		C5BAA1B72741F3CE004B3186 /* LaunchScreen.storyboard in Resources */ = {isa = PBXBuildFile; fileRef = C5BAA1B52741F3CE004B3186 /* LaunchScreen.storyboard */; };
/* End PBXBuildFile section */

/* Begin PBXFileReference section */
		30B55DC833385573EA993E4D /* Pods-IntroToRxSwift.debug.xcconfig */ = {isa = PBXFileReference; includeInIndex = 1; lastKnownFileType = text.xcconfig; name = "Pods-IntroToRxSwift.debug.xcconfig"; path = "Target Support Files/Pods-IntroToRxSwift/Pods-IntroToRxSwift.debug.xcconfig"; sourceTree = "<group>"; };
		81C22A845F40AC5ED7629835 /* Pods_IntroToRxSwift.framework */ = {isa = PBXFileReference; explicitFileType = wrapper.framework; includeInIndex = 0; path = Pods_IntroToRxSwift.framework; sourceTree = BUILT_PRODUCTS_DIR; };
		977F5A1576553BE351639AE2 /* Pods-IntroToRxSwift.release.xcconfig */ = {isa = PBXFileReference; includeInIndex = 1; lastKnownFileType = text.xcconfig; name = "Pods-IntroToRxSwift.release.xcconfig"; path = "Target Support Files/Pods-IntroToRxSwift/Pods-IntroToRxSwift.release.xcconfig"; sourceTree = "<group>"; };
		C5BAA1A72741F3CC004B3186 /* IntroToRxSwift.app */ = {isa = PBXFileReference; explicitFileType = wrapper.application; includeInIndex = 0; path = IntroToRxSwift.app; sourceTree = BUILT_PRODUCTS_DIR; };
		C5BAA1AA2741F3CC004B3186 /* AppDelegate.swift */ = {isa = PBXFileReference; lastKnownFileType = sourcecode.swift; path = AppDelegate.swift; sourceTree = "<group>"; };
		C5BAA1AC2741F3CC004B3186 /* SceneDelegate.swift */ = {isa = PBXFileReference; lastKnownFileType = sourcecode.swift; path = SceneDelegate.swift; sourceTree = "<group>"; };
		C5BAA1AE2741F3CC004B3186 /* ProductViewController.swift */ = {isa = PBXFileReference; lastKnownFileType = sourcecode.swift; path = ProductViewController.swift; sourceTree = "<group>"; };
		C5BAA1B12741F3CC004B3186 /* Base */ = {isa = PBXFileReference; lastKnownFileType = file.storyboard; name = Base; path = Base.lproj/Main.storyboard; sourceTree = "<group>"; };
		C5BAA1B32741F3CE004B3186 /* Assets.xcassets */ = {isa = PBXFileReference; lastKnownFileType = folder.assetcatalog; path = Assets.xcassets; sourceTree = "<group>"; };
		C5BAA1B62741F3CE004B3186 /* Base */ = {isa = PBXFileReference; lastKnownFileType = file.storyboard; name = Base; path = Base.lproj/LaunchScreen.storyboard; sourceTree = "<group>"; };
		C5BAA1B82741F3CE004B3186 /* Info.plist */ = {isa = PBXFileReference; lastKnownFileType = text.plist.xml; path = Info.plist; sourceTree = "<group>"; };
/* End PBXFileReference section */

/* Begin PBXFrameworksBuildPhase section */
		C5BAA1A42741F3CC004B3186 /* Frameworks */ = {
			isa = PBXFrameworksBuildPhase;
			buildActionMask = 2147483647;
			files = (
				52252C7D6DE895906F0C8CB2 /* Pods_IntroToRxSwift.framework in Frameworks */,
			);
			runOnlyForDeploymentPostprocessing = 0;
		};
/* End PBXFrameworksBuildPhase section */

/* Begin PBXGroup section */
		A263880609D15027F7E08B59 /* Frameworks */ = {
			isa = PBXGroup;
			children = (
				81C22A845F40AC5ED7629835 /* Pods_IntroToRxSwift.framework */,
			);
			name = Frameworks;
			sourceTree = "<group>";
		};
		C254066070F16CBFDFBEE3D8 /* Pods */ = {
			isa = PBXGroup;
			children = (
				30B55DC833385573EA993E4D /* Pods-IntroToRxSwift.debug.xcconfig */,
				977F5A1576553BE351639AE2 /* Pods-IntroToRxSwift.release.xcconfig */,
			);
			path = Pods;
			sourceTree = "<group>";
		};
		C5BAA19E2741F3CC004B3186 = {
			isa = PBXGroup;
			children = (
				C5BAA1A92741F3CC004B3186 /* IntroToRxSwift */,
				C5BAA1A82741F3CC004B3186 /* Products */,
				C254066070F16CBFDFBEE3D8 /* Pods */,
				A263880609D15027F7E08B59 /* Frameworks */,
			);
			sourceTree = "<group>";
		};
		C5BAA1A82741F3CC004B3186 /* Products */ = {
			isa = PBXGroup;
			children = (
				C5BAA1A72741F3CC004B3186 /* IntroToRxSwift.app */,
			);
			name = Products;
			sourceTree = "<group>";
		};
		C5BAA1A92741F3CC004B3186 /* IntroToRxSwift */ = {
			isa = PBXGroup;
			children = (
				C5BAA1AA2741F3CC004B3186 /* AppDelegate.swift */,
				C5BAA1AC2741F3CC004B3186 /* SceneDelegate.swift */,
				C5BAA1AE2741F3CC004B3186 /* ProductViewController.swift */,
				C5BAA1B02741F3CC004B3186 /* Main.storyboard */,
				C5BAA1B32741F3CE004B3186 /* Assets.xcassets */,
				C5BAA1B52741F3CE004B3186 /* LaunchScreen.storyboard */,
				C5BAA1B82741F3CE004B3186 /* Info.plist */,
			);
			path = IntroToRxSwift;
			sourceTree = "<group>";
		};
/* End PBXGroup section */

/* Begin PBXNativeTarget section */
		C5BAA1A62741F3CC004B3186 /* IntroToRxSwift */ = {
			isa = PBXNativeTarget;
			buildConfigurationList = C5BAA1BB2741F3CE004B3186 /* Build configuration list for PBXNativeTarget "IntroToRxSwift" */;
			buildPhases = (
				81104AC7B36A2832C917890B /* [CP] Check Pods Manifest.lock */,
				C5BAA1A32741F3CC004B3186 /* Sources */,
				C5BAA1A42741F3CC004B3186 /* Frameworks */,
				C5BAA1A52741F3CC004B3186 /* Resources */,
				644F94CD190175BB5E55BC02 /* [CP] Embed Pods Frameworks */,
			);
			buildRules = (
			);
			dependencies = (
			);
			name = IntroToRxSwift;
			productName = IntroToRxSwift;
			productReference = C5BAA1A72741F3CC004B3186 /* IntroToRxSwift.app */;
			productType = "com.apple.product-type.application";
		};
/* End PBXNativeTarget section */

/* Begin PBXProject section */
		C5BAA19F2741F3CC004B3186 /* Project object */ = {
			isa = PBXProject;
			attributes = {
				LastSwiftUpdateCheck = 1240;
				LastUpgradeCheck = 1240;
				TargetAttributes = {
					C5BAA1A62741F3CC004B3186 = {
						CreatedOnToolsVersion = 12.4;
					};
				};
			};
			buildConfigurationList = C5BAA1A22741F3CC004B3186 /* Build configuration list for PBXProject "IntroToRxSwift" */;
			compatibilityVersion = "Xcode 9.3";
			developmentRegion = en;
			hasScannedForEncodings = 0;
			knownRegions = (
				en,
				Base,
			);
			mainGroup = C5BAA19E2741F3CC004B3186;
			productRefGroup = C5BAA1A82741F3CC004B3186 /* Products */;
			projectDirPath = "";
			projectRoot = "";
			targets = (
				C5BAA1A62741F3CC004B3186 /* IntroToRxSwift */,
			);
		};
/* End PBXProject section */

/* Begin PBXResourcesBuildPhase section */
		C5BAA1A52741F3CC004B3186 /* Resources */ = {
			isa = PBXResourcesBuildPhase;
			buildActionMask = 2147483647;
			files = (
				C5BAA1B72741F3CE004B3186 /* LaunchScreen.storyboard in Resources */,
				C5BAA1B42741F3CE004B3186 /* Assets.xcassets in Resources */,
				C5BAA1B22741F3CC004B3186 /* Main.storyboard in Resources */,
			);
			runOnlyForDeploymentPostprocessing = 0;
		};
/* End PBXResourcesBuildPhase section */

/* Begin PBXShellScriptBuildPhase section */
		644F94CD190175BB5E55BC02 /* [CP] Embed Pods Frameworks */ = {
			isa = PBXShellScriptBuildPhase;
			buildActionMask = 2147483647;
			files = (
			);
			inputFileListPaths = (
				"${PODS_ROOT}/Target Support Files/Pods-IntroToRxSwift/Pods-IntroToRxSwift-frameworks-${CONFIGURATION}-input-files.xcfilelist",
			);
			name = "[CP] Embed Pods Frameworks";
			outputFileListPaths = (
				"${PODS_ROOT}/Target Support Files/Pods-IntroToRxSwift/Pods-IntroToRxSwift-frameworks-${CONFIGURATION}-output-files.xcfilelist",
			);
			runOnlyForDeploymentPostprocessing = 0;
			shellPath = /bin/sh;
			shellScript = "\"${PODS_ROOT}/Target Support Files/Pods-IntroToRxSwift/Pods-IntroToRxSwift-frameworks.sh\"\n";
			showEnvVarsInLog = 0;
		};
		81104AC7B36A2832C917890B /* [CP] Check Pods Manifest.lock */ = {
			isa = PBXShellScriptBuildPhase;
			buildActionMask = 2147483647;
			files = (
			);
			inputFileListPaths = (
			);
			inputPaths = (
				"${PODS_PODFILE_DIR_PATH}/Podfile.lock",
				"${PODS_ROOT}/Manifest.lock",
			);
			name = "[CP] Check Pods Manifest.lock";
			outputFileListPaths = (
			);
			outputPaths = (
				"$(DERIVED_FILE_DIR)/Pods-IntroToRxSwift-checkManifestLockResult.txt",
			);
			runOnlyForDeploymentPostprocessing = 0;
			shellPath = /bin/sh;
			shellScript = "diff \"${PODS_PODFILE_DIR_PATH}/Podfile.lock\" \"${PODS_ROOT}/Manifest.lock\" > /dev/null\nif [ $? != 0 ] ; then\n    # print error to STDERR\n    echo \"error: The sandbox is not in sync with the Podfile.lock. Run 'pod install' or update your CocoaPods installation.\" >&2\n    exit 1\nfi\n# This output is used by Xcode 'outputs' to avoid re-running this script phase.\necho \"SUCCESS\" > \"${SCRIPT_OUTPUT_FILE_0}\"\n";
			showEnvVarsInLog = 0;
		};
/* End PBXShellScriptBuildPhase section */

/* Begin PBXSourcesBuildPhase section */
		C5BAA1A32741F3CC004B3186 /* Sources */ = {
			isa = PBXSourcesBuildPhase;
			buildActionMask = 2147483647;
			files = (
				C5BAA1AF2741F3CC004B3186 /* ProductViewController.swift in Sources */,
				C5BAA1AB2741F3CC004B3186 /* AppDelegate.swift in Sources */,
				C5BAA1AD2741F3CC004B3186 /* SceneDelegate.swift in Sources */,
			);
			runOnlyForDeploymentPostprocessing = 0;
		};
/* End PBXSourcesBuildPhase section */

/* Begin PBXVariantGroup section */
		C5BAA1B02741F3CC004B3186 /* Main.storyboard */ = {
			isa = PBXVariantGroup;
			children = (
				C5BAA1B12741F3CC004B3186 /* Base */,
			);
			name = Main.storyboard;
			sourceTree = "<group>";
		};
		C5BAA1B52741F3CE004B3186 /* LaunchScreen.storyboard */ = {
			isa = PBXVariantGroup;
			children = (
				C5BAA1B62741F3CE004B3186 /* Base */,
			);
			name = LaunchScreen.storyboard;
			sourceTree = "<group>";
		};
/* End PBXVariantGroup section */

/* Begin XCBuildConfiguration section */
		C5BAA1B92741F3CE004B3186 /* Debug */ = {
			isa = XCBuildConfiguration;
			buildSettings = {
				ALWAYS_SEARCH_USER_PATHS = NO;
				CLANG_ANALYZER_NONNULL = YES;
				CLANG_ANALYZER_NUMBER_OBJECT_CONVERSION = YES_AGGRESSIVE;
				CLANG_CXX_LANGUAGE_STANDARD = "gnu++14";
				CLANG_CXX_LIBRARY = "libc++";
				CLANG_ENABLE_MODULES = YES;
				CLANG_ENABLE_OBJC_ARC = YES;
				CLANG_ENABLE_OBJC_WEAK = YES;
				CLANG_WARN_BLOCK_CAPTURE_AUTORELEASING = YES;
				CLANG_WARN_BOOL_CONVERSION = YES;
				CLANG_WARN_COMMA = YES;
				CLANG_WARN_CONSTANT_CONVERSION = YES;
				CLANG_WARN_DEPRECATED_OBJC_IMPLEMENTATIONS = YES;
				CLANG_WARN_DIRECT_OBJC_ISA_USAGE = YES_ERROR;
				CLANG_WARN_DOCUMENTATION_COMMENTS = YES;
				CLANG_WARN_EMPTY_BODY = YES;
				CLANG_WARN_ENUM_CONVERSION = YES;
				CLANG_WARN_INFINITE_RECURSION = YES;
				CLANG_WARN_INT_CONVERSION = YES;
				CLANG_WARN_NON_LITERAL_NULL_CONVERSION = YES;
				CLANG_WARN_OBJC_IMPLICIT_RETAIN_SELF = YES;
				CLANG_WARN_OBJC_LITERAL_CONVERSION = YES;
				CLANG_WARN_OBJC_ROOT_CLASS = YES_ERROR;
				CLANG_WARN_QUOTED_INCLUDE_IN_FRAMEWORK_HEADER = YES;
				CLANG_WARN_RANGE_LOOP_ANALYSIS = YES;
				CLANG_WARN_STRICT_PROTOTYPES = YES;
				CLANG_WARN_SUSPICIOUS_MOVE = YES;
				CLANG_WARN_UNGUARDED_AVAILABILITY = YES_AGGRESSIVE;
				CLANG_WARN_UNREACHABLE_CODE = YES;
				CLANG_WARN__DUPLICATE_METHOD_MATCH = YES;
				COPY_PHASE_STRIP = NO;
				DEBUG_INFORMATION_FORMAT = dwarf;
				ENABLE_STRICT_OBJC_MSGSEND = YES;
				ENABLE_TESTABILITY = YES;
				GCC_C_LANGUAGE_STANDARD = gnu11;
				GCC_DYNAMIC_NO_PIC = NO;
				GCC_NO_COMMON_BLOCKS = YES;
				GCC_OPTIMIZATION_LEVEL = 0;
				GCC_PREPROCESSOR_DEFINITIONS = (
					"DEBUG=1",
					"$(inherited)",
				);
				GCC_WARN_64_TO_32_BIT_CONVERSION = YES;
				GCC_WARN_ABOUT_RETURN_TYPE = YES_ERROR;
				GCC_WARN_UNDECLARED_SELECTOR = YES;
				GCC_WARN_UNINITIALIZED_AUTOS = YES_AGGRESSIVE;
				GCC_WARN_UNUSED_FUNCTION = YES;
				GCC_WARN_UNUSED_VARIABLE = YES;
				IPHONEOS_DEPLOYMENT_TARGET = 14.4;
				MTL_ENABLE_DEBUG_INFO = INCLUDE_SOURCE;
				MTL_FAST_MATH = YES;
				ONLY_ACTIVE_ARCH = YES;
				SDKROOT = iphoneos;
				SWIFT_ACTIVE_COMPILATION_CONDITIONS = DEBUG;
				SWIFT_OPTIMIZATION_LEVEL = "-Onone";
			};
			name = Debug;
		};
		C5BAA1BA2741F3CE004B3186 /* Release */ = {
			isa = XCBuildConfiguration;
			buildSettings = {
				ALWAYS_SEARCH_USER_PATHS = NO;
				CLANG_ANALYZER_NONNULL = YES;
				CLANG_ANALYZER_NUMBER_OBJECT_CONVERSION = YES_AGGRESSIVE;
				CLANG_CXX_LANGUAGE_STANDARD = "gnu++14";
				CLANG_CXX_LIBRARY = "libc++";
				CLANG_ENABLE_MODULES = YES;
				CLANG_ENABLE_OBJC_ARC = YES;
				CLANG_ENABLE_OBJC_WEAK = YES;
				CLANG_WARN_BLOCK_CAPTURE_AUTORELEASING = YES;
				CLANG_WARN_BOOL_CONVERSION = YES;
				CLANG_WARN_COMMA = YES;
				CLANG_WARN_CONSTANT_CONVERSION = YES;
				CLANG_WARN_DEPRECATED_OBJC_IMPLEMENTATIONS = YES;
				CLANG_WARN_DIRECT_OBJC_ISA_USAGE = YES_ERROR;
				CLANG_WARN_DOCUMENTATION_COMMENTS = YES;
				CLANG_WARN_EMPTY_BODY = YES;
				CLANG_WARN_ENUM_CONVERSION = YES;
				CLANG_WARN_INFINITE_RECURSION = YES;
				CLANG_WARN_INT_CONVERSION = YES;
				CLANG_WARN_NON_LITERAL_NULL_CONVERSION = YES;
				CLANG_WARN_OBJC_IMPLICIT_RETAIN_SELF = YES;
				CLANG_WARN_OBJC_LITERAL_CONVERSION = YES;
				CLANG_WARN_OBJC_ROOT_CLASS = YES_ERROR;
				CLANG_WARN_QUOTED_INCLUDE_IN_FRAMEWORK_HEADER = YES;
				CLANG_WARN_RANGE_LOOP_ANALYSIS = YES;
				CLANG_WARN_STRICT_PROTOTYPES = YES;
				CLANG_WARN_SUSPICIOUS_MOVE = YES;
				CLANG_WARN_UNGUARDED_AVAILABILITY = YES_AGGRESSIVE;
				CLANG_WARN_UNREACHABLE_CODE = YES;
				CLANG_WARN__DUPLICATE_METHOD_MATCH = YES;
				COPY_PHASE_STRIP = NO;
				DEBUG_INFORMATION_FORMAT = "dwarf-with-dsym";
				ENABLE_NS_ASSERTIONS = NO;
				ENABLE_STRICT_OBJC_MSGSEND = YES;
				GCC_C_LANGUAGE_STANDARD = gnu11;
				GCC_NO_COMMON_BLOCKS = YES;
				GCC_WARN_64_TO_32_BIT_CONVERSION = YES;
				GCC_WARN_ABOUT_RETURN_TYPE = YES_ERROR;
				GCC_WARN_UNDECLARED_SELECTOR = YES;
				GCC_WARN_UNINITIALIZED_AUTOS = YES_AGGRESSIVE;
				GCC_WARN_UNUSED_FUNCTION = YES;
				GCC_WARN_UNUSED_VARIABLE = YES;
				IPHONEOS_DEPLOYMENT_TARGET = 14.4;
				MTL_ENABLE_DEBUG_INFO = NO;
				MTL_FAST_MATH = YES;
				SDKROOT = iphoneos;
				SWIFT_COMPILATION_MODE = wholemodule;
				SWIFT_OPTIMIZATION_LEVEL = "-O";
				VALIDATE_PRODUCT = YES;
			};
			name = Release;
		};
		C5BAA1BC2741F3CE004B3186 /* Debug */ = {
			isa = XCBuildConfiguration;
			baseConfigurationReference = 30B55DC833385573EA993E4D /* Pods-IntroToRxSwift.debug.xcconfig */;
			buildSettings = {
				ASSETCATALOG_COMPILER_APPICON_NAME = AppIcon;
				ASSETCATALOG_COMPILER_GLOBAL_ACCENT_COLOR_NAME = AccentColor;
				CODE_SIGN_STYLE = Automatic;
				DEVELOPMENT_TEAM = 5CDGW4297F;
				INFOPLIST_FILE = IntroToRxSwift/Info.plist;
				LD_RUNPATH_SEARCH_PATHS = (
					"$(inherited)",
					"@executable_path/Frameworks",
				);
				PRODUCT_BUNDLE_IDENTIFIER = com.matthewdolan.IntroToRxSwift;
				PRODUCT_NAME = "$(TARGET_NAME)";
				SWIFT_VERSION = 5.0;
				TARGETED_DEVICE_FAMILY = "1,2";
			};
			name = Debug;
		};
		C5BAA1BD2741F3CE004B3186 /* Release */ = {
			isa = XCBuildConfiguration;
			baseConfigurationReference = 977F5A1576553BE351639AE2 /* Pods-IntroToRxSwift.release.xcconfig */;
			buildSettings = {
				ASSETCATALOG_COMPILER_APPICON_NAME = AppIcon;
				ASSETCATALOG_COMPILER_GLOBAL_ACCENT_COLOR_NAME = AccentColor;
				CODE_SIGN_STYLE = Automatic;
				DEVELOPMENT_TEAM = 5CDGW4297F;
				INFOPLIST_FILE = IntroToRxSwift/Info.plist;
				LD_RUNPATH_SEARCH_PATHS = (
					"$(inherited)",
					"@executable_path/Frameworks",
				);
				PRODUCT_BUNDLE_IDENTIFIER = com.matthewdolan.IntroToRxSwift;
				PRODUCT_NAME = "$(TARGET_NAME)";
				SWIFT_VERSION = 5.0;
				TARGETED_DEVICE_FAMILY = "1,2";
			};
			name = Release;
		};
/* End XCBuildConfiguration section */

/* Begin XCConfigurationList section */
		C5BAA1A22741F3CC004B3186 /* Build configuration list for PBXProject "IntroToRxSwift" */ = {
			isa = XCConfigurationList;
			buildConfigurations = (
				C5BAA1B92741F3CE004B3186 /* Debug */,
				C5BAA1BA2741F3CE004B3186 /* Release */,
			);
			defaultConfigurationIsVisible = 0;
			defaultConfigurationName = Release;
		};
		C5BAA1BB2741F3CE004B3186 /* Build configuration list for PBXNativeTarget "IntroToRxSwift" */ = {
			isa = XCConfigurationList;
			buildConfigurations = (
				C5BAA1BC2741F3CE004B3186 /* Debug */,
				C5BAA1BD2741F3CE004B3186 /* Release */,
			);
			defaultConfigurationIsVisible = 0;
			defaultConfigurationName = Release;
		};
/* End XCConfigurationList section */
	};
	rootObject = C5BAA19F2741F3CC004B3186 /* Project object */;
}
